
Microsoft Visual Studio Solution File, Format Version 9.00
# Visual C# Express 2005
Project("{FAE04EC0-301F-11D3-BF4B-00C04F79EFBC}") = "Mercury", "Mercury\Mercury.csproj", "{CDAA171C-8EE5-484C-BCB0-E418C916A88E}"
EndProject
Project("{FAE04EC0-301F-11D3-BF4B-00C04F79EFBC}") = "Demo", "Demo\Demo.csproj", "{0FAAAA41-F71E-4791-9438-38C03C437AA0}"
EndProject
Global
	GlobalSection(SolutionConfigurationPlatforms) = preSolution
		Debug|Any CPU = Debug|Any CPU
		Release|Any CPU = Release|Any CPU
	EndGlobalSection
	GlobalSection(ProjectConfigurationPlatforms) = postSolution
		{CDAA171C-8EE5-484C-BCB0-E418C916A88E}.Debug|Any CPU.ActiveCfg = Debug|Any CPU
		{CDAA171C-8EE5-484C-BCB0-E418C916A88E}.Debug|Any CPU.Build.0 = Debug|Any CPU
		{CDAA171C-8EE5-484C-BCB0-E418C916A88E}.Release|Any CPU.ActiveCfg = Release|Any CPU
		{CDAA171C-8EE5-484C-BCB0-E418C916A88E}.Release|Any CPU.Build.0 = Release|Any CPU
		{0FAAAA41-F71E-4791-9438-38C03C437AA0}.Debug|Any CPU.ActiveCfg = Debug|Any CPU
		{0FAAAA41-F71E-4791-9438-38C03C437AA0}.Debug|Any CPU.Build.0 = Debug|Any CPU
		{0FAAAA41-F71E-4791-9438-38C03C437AA0}.Release|Any CPU.ActiveCfg = Release|Any CPU
		{0FAAAA41-F71E-4791-9438-38C03C437AA0}.Release|Any CPU.Build.0 = Release|Any CPU
	EndGlobalSection
	GlobalSection(SolutionProperties) = preSolution
		HideSolutionNode = FALSE
	EndGlobalSection
EndGlobal
