
Microsoft Visual Studio Solution File, Format Version 9.00
# Visual C# Express 2005
Project("{FAE04EC0-301F-11D3-BF4B-00C04F79EFBC}") = "ProjectMercury - Caloris", "ProjectMercury - Caloris\ProjectMercury - Caloris.csproj", "{A3443587-0032-4EAF-A38C-C1F34EF4C985}"
EndProject
Project("{FAE04EC0-301F-11D3-BF4B-00C04F79EFBC}") = "WindowsGame1", "WindowsGame1\WindowsGame1.csproj", "{D4B45830-1FD4-4D7F-873B-6A923B771A82}"
EndProject
Global
	GlobalSection(SolutionConfigurationPlatforms) = preSolution
		Debug|x86 = Debug|x86
		Debug|Xbox 360 = Debug|Xbox 360
		Release|x86 = Release|x86
		Release|Xbox 360 = Release|Xbox 360
	EndGlobalSection
	GlobalSection(ProjectConfigurationPlatforms) = postSolution
		{A3443587-0032-4EAF-A38C-C1F34EF4C985}.Debug|x86.ActiveCfg = Debug|x86
		{A3443587-0032-4EAF-A38C-C1F34EF4C985}.Debug|x86.Build.0 = Debug|x86
		{A3443587-0032-4EAF-A38C-C1F34EF4C985}.Debug|Xbox 360.ActiveCfg = Debug|Xbox 360
		{A3443587-0032-4EAF-A38C-C1F34EF4C985}.Debug|Xbox 360.Build.0 = Debug|Xbox 360
		{A3443587-0032-4EAF-A38C-C1F34EF4C985}.Release|x86.ActiveCfg = Release|x86
		{A3443587-0032-4EAF-A38C-C1F34EF4C985}.Release|x86.Build.0 = Release|x86
		{A3443587-0032-4EAF-A38C-C1F34EF4C985}.Release|Xbox 360.ActiveCfg = Release|Xbox 360
		{A3443587-0032-4EAF-A38C-C1F34EF4C985}.Release|Xbox 360.Build.0 = Release|Xbox 360
		{D4B45830-1FD4-4D7F-873B-6A923B771A82}.Debug|x86.ActiveCfg = Debug|x86
		{D4B45830-1FD4-4D7F-873B-6A923B771A82}.Debug|x86.Build.0 = Debug|x86
		{D4B45830-1FD4-4D7F-873B-6A923B771A82}.Debug|Xbox 360.ActiveCfg = Debug|x86
		{D4B45830-1FD4-4D7F-873B-6A923B771A82}.Release|x86.ActiveCfg = Release|x86
		{D4B45830-1FD4-4D7F-873B-6A923B771A82}.Release|x86.Build.0 = Release|x86
		{D4B45830-1FD4-4D7F-873B-6A923B771A82}.Release|Xbox 360.ActiveCfg = Release|x86
	EndGlobalSection
	GlobalSection(SolutionProperties) = preSolution
		HideSolutionNode = FALSE
	EndGlobalSection
EndGlobal
